Microsoft Visual Studio Solution File, Format Version 11.00
# Visual Studio 2008

Project("{C79E6500-DA8A-ACBD-772C-593F79E26098}") = "QuickSnap", "Assembly-CSharp-firstpass.csproj", "{48C727A7-6126-0AD0-6663-D2416B612377}"
EndProject
Project("{C79E6500-DA8A-ACBD-772C-593F79E26098}") = "QuickSnap", "Assembly-CSharp.csproj", "{AE2A6855-9B6A-82EB-4BCD-2D6418070D2A}"
EndProject
Project("{C79E6500-DA8A-ACBD-772C-593F79E26098}") = "QuickSnap", "Assembly-UnityScript-firstpass.unityproj", "{B9D464F2-6A81-7909-DCBC-ED7446AEC1B8}"
EndProject
Global
	GlobalSection(SolutionConfigurationPlatforms) = preSolution
		Debug|Any CPU = Debug|Any CPU
		Release|Any CPU = Release|Any CPU
	EndGlobalSection
	GlobalSection(ProjectConfigurationPlatforms) = postSolution
		{48C727A7-6126-0AD0-6663-D2416B612377}.Debug|Any CPU.ActiveCfg = Debug|Any CPU
		{48C727A7-6126-0AD0-6663-D2416B612377}.Debug|Any CPU.Build.0 = Debug|Any CPU
		{48C727A7-6126-0AD0-6663-D2416B612377}.Release|Any CPU.ActiveCfg = Release|Any CPU
		{48C727A7-6126-0AD0-6663-D2416B612377}.Release|Any CPU.Build.0 = Release|Any CPU
		{AE2A6855-9B6A-82EB-4BCD-2D6418070D2A}.Debug|Any CPU.ActiveCfg = Debug|Any CPU
		{AE2A6855-9B6A-82EB-4BCD-2D6418070D2A}.Debug|Any CPU.Build.0 = Debug|Any CPU
		{AE2A6855-9B6A-82EB-4BCD-2D6418070D2A}.Release|Any CPU.ActiveCfg = Release|Any CPU
		{AE2A6855-9B6A-82EB-4BCD-2D6418070D2A}.Release|Any CPU.Build.0 = Release|Any CPU
		{B9D464F2-6A81-7909-DCBC-ED7446AEC1B8}.Debug|Any CPU.ActiveCfg = Debug|Any CPU
		{B9D464F2-6A81-7909-DCBC-ED7446AEC1B8}.Debug|Any CPU.Build.0 = Debug|Any CPU
		{B9D464F2-6A81-7909-DCBC-ED7446AEC1B8}.Release|Any CPU.ActiveCfg = Release|Any CPU
		{B9D464F2-6A81-7909-DCBC-ED7446AEC1B8}.Release|Any CPU.Build.0 = Release|Any CPU
	EndGlobalSection
	GlobalSection(SolutionProperties) = preSolution
		HideSolutionNode = FALSE
	EndGlobalSection
						GlobalSection(MonoDevelopProperties) = preSolution
		StartupItem = Assembly-CSharp.csproj
		Policies = $0
		$0.TextStylePolicy = $1
		$1.inheritsSet = null
		$1.scope = text/x-csharp
		$0.CSharpFormattingPolicy = $2
		$2.inheritsSet = Mono
		$2.inheritsScope = text/x-csharp
		$2.scope = text/x-csharp
		$0.TextStylePolicy = $3
		$3.FileWidth = 120
		$3.TabWidth = 4
		$3.IndentWidth = 4
		$3.EolMarker = Unix
		$3.inheritsSet = Mono
		$3.inheritsScope = text/plain
		$3.scope = text/plain
	EndGlobalSection

EndGlobal
